
Microsoft Visual Studio Solution File, Format Version 12.00
# Visual Studio Version 17
VisualStudioVersion = 17.5.33424.131
MinimumVisualStudioVersion = 10.0.40219.1
Project("{FAE04EC0-301F-11D3-BF4B-00C04F79EFBC}") = "Solution", "Solution\Solution.csproj", "{5380B4B8-F8CE-4CF9-AD5F-1861C02D0BBB}"
EndProject
Global
	GlobalSection(SolutionConfigurationPlatforms) = preSolution
		Debug|Any CPU = Debug|Any CPU
		Release|Any CPU = Release|Any CPU
	EndGlobalSection
	GlobalSection(ProjectConfigurationPlatforms) = postSolution
		{5380B4B8-F8CE-4CF9-AD5F-1861C02D0BBB}.Debug|Any CPU.ActiveCfg = Debug|Any CPU
		{5380B4B8-F8CE-4CF9-AD5F-1861C02D0BBB}.Debug|Any CPU.Build.0 = Debug|Any CPU
		{5380B4B8-F8CE-4CF9-AD5F-1861C02D0BBB}.Release|Any CPU.ActiveCfg = Release|Any CPU
		{5380B4B8-F8CE-4CF9-AD5F-1861C02D0BBB}.Release|Any CPU.Build.0 = Release|Any CPU
	EndGlobalSection
	GlobalSection(SolutionProperties) = preSolution
		HideSolutionNode = FALSE
	EndGlobalSection
	GlobalSection(ExtensibilityGlobals) = postSolution
		SolutionGuid = {6278C433-3DE0-4668-A922-4E29DE7098B0}
	EndGlobalSection
EndGlobal
